# @generated by Move, please check-in and do not edit manually.

[move]
version = 3
manifest_digest = "5604AED0A6811674D7BCFBB51A212C7DDB999DD73C506A47CE6C073D8C2F77CB"
deps_digest = "F8BBB0CCB2491CA29A3DF03D6F92277A4F3574266507ACD77214D37ECA3F3082"
dependencies = [
  { id = "Iota", name = "Iota" },
]

[[move.package]]
id = "Iota"
source = { git = "https://github.com/iotaledger/iota.git", rev = "devnet", subdir = "crates/iota-framework/packages/iota-framework" }

dependencies = [
  { id = "MoveStdlib", name = "MoveStdlib" },
]

[[move.package]]
id = "MoveStdlib"
source = { git = "https://github.com/iotaledger/iota.git", rev = "devnet", subdir = "crates/iota-framework/packages/move-stdlib" }

[move.toolchain-version]
compiler-version = "1.12.0-rc"
edition = "2024"
flavor = "iota"

[env]

[env.testnet]
chain-id = "2304aa97"
original-published-id = "0x840755cd1a80a6d1c54e6c51b3ab46d1ddea13f09dbaa4c0e0b9d101778e7b9c"
latest-published-id = "0x840755cd1a80a6d1c54e6c51b3ab46d1ddea13f09dbaa4c0e0b9d101778e7b9c"
published-version = "1"

[env.devnet]
chain-id = "e678123a"
original-published-id = "0xc3694638e3c0bb2ae0660de6aa10b2e1cd17f1fb089119820ef1254051dd7525"
latest-published-id = "0xc3694638e3c0bb2ae0660de6aa10b2e1cd17f1fb089119820ef1254051dd7525"
published-version = "1"

